# ARIA core/orchestrator pip lock (P2-1) — pip fallback for the aria-env.
# Fully-pinned snapshot of the validated orchestrator environment so a
# pip-only install is reproducible. Provenance: pip freeze of conda env
# 'aria-env' on linux-64, Python 3.11.15, 2026-06-01.
#
# This covers the CORE (LLM/orchestration/IO) stack. The heavy scientific
# runtime envs (RNA/ATAC/integration) are conda-managed and locked
# separately under envs/<env>.linux-64.lock (+ .pip.lock); multi-platform
# and non-installed-env locks are produced by the hermetic Docker lane.
# Regenerate with: scripts/generate_locks.sh --requirements
#
aiohappyeyeballs==2.6.1
aiohttp==3.13.5
aiosignal==1.4.0
anndata==0.12.10
annotated-doc==0.0.4
annotated-types==0.7.0
anthropic==0.94.1
anyio==4.13.0
appdirs==1.4.4
array-api-compat==1.14.0
attrs==26.1.0
backports.tarfile==1.2.0
beautifulsoup4==4.14.3
boltons==25.0.0
build==1.5.0
CacheControl==0.14.4
certifi==2026.2.25
cffi==2.0.0
charset-normalizer==3.4.7
click==8.1.8
click-default-group==1.2.4
conda_lock==4.0.0
conda_package_streaming==0.12.0
contourpy==1.3.3
crashtest==0.4.1
cryptography==46.0.7
cycler==0.12.1
distlib==0.4.0
distro==1.9.0
docstring_parser==0.18.0
donfig==0.8.1.post1
dulwich==0.24.10
ensureconda==1.6.0
fastjsonschema==2.21.2
fastuuid==0.14.0
filelock==3.25.2
fonttools==4.62.1
frozenlist==1.8.0
fsspec==2026.3.0
gitdb==4.0.12
GitPython==3.1.50
google==3.0.0
google-ai-generativelanguage==0.6.15
google-api-core==2.30.3
google-api-python-client==2.194.0
google-auth==2.49.2
google-auth-httplib2==0.3.1
google-crc32c==1.8.0
google-generativeai==0.8.6
googleapis-common-protos==1.74.0
grpcio==1.80.0
grpcio-status==1.71.2
h11==0.16.0
h5py==3.16.0
hf-xet==1.4.3
httpcore==1.0.9
httplib2==0.31.2
httpx==0.28.1
huggingface_hub==1.10.2
idna==3.11
igraph==1.0.0
importlib_metadata==8.5.0
iniconfig==2.3.0
installer==0.7.0
jaraco.classes==3.4.0
jaraco.context==6.1.2
jaraco.functools==4.5.0
jeepney==0.9.0
Jinja2==3.1.6
jiter==0.14.0
joblib==1.5.3
jsonschema==4.23.0
jsonschema-specifications==2025.9.1
keyring==25.7.0
kiwisolver==1.5.0
legacy-api-wrap==1.5
leidenalg==0.11.0
litellm==1.83.7
llvmlite==0.47.0
markdown-it-py==4.0.0
MarkupSafe==3.0.3
matplotlib==3.10.8
mdurl==0.1.2
more-itertools==11.0.2
msgpack==1.1.2
multidict==6.7.1
natsort==8.4.0
networkx==3.6.1
numba==0.65.0
numcodecs==0.16.5
numpy==2.4.4
openai==2.30.0
pandas==2.3.3
patsy==1.0.2
pillow==12.2.0
pkginfo==1.12.1.2
platformdirs==4.9.6
pluggy==1.6.0
propcache==0.4.1
proto-plus==1.27.2
protobuf==5.29.6
pyasn1==0.6.3
pyasn1_modules==0.4.2
pycparser==3.0
pydantic==2.12.5
pydantic_core==2.41.5
Pygments==2.20.0
pynndescent==0.6.0
pyparsing==3.3.2
pyproject_hooks==1.2.0
pytest==9.0.3
python-dateutil==2.9.0.post0
python-dotenv==1.0.1
pytz==2026.1.post1
PyYAML==6.0.3
referencing==0.37.0
regex==2026.4.4
requests==2.33.1
requests-toolbelt==1.0.0
rich==15.0.0
rpds-py==0.30.0
ruamel.yaml==0.19.1
scanpy==1.11.5
scikit-learn==1.8.0
scipy==1.17.1
seaborn==0.13.2
SecretStorage==3.5.0
semver==3.0.4
session-info2==0.4.1
shellingham==1.5.4
six==1.17.0
smmap==5.0.3
sniffio==1.3.1
soupsieve==2.8.3
statsmodels==0.14.6
texttable==1.7.0
threadpoolctl==3.6.0
tiktoken==0.12.0
tokenizers==0.22.2
tomlkit==0.15.0
tqdm==4.67.3
trove-classifiers==2026.5.7.17
typer==0.23.1
typing-inspection==0.4.2
typing_extensions==4.15.0
tzdata==2026.1
umap-learn==0.5.12
uritemplate==4.2.0
urllib3==2.6.3
virtualenv==20.39.1
yarl==1.23.0
zarr==3.1.6
zipp==3.23.1
zstandard==0.25.0
