anndata @ file:///home/conda/feedstock_root/build_artifacts/anndata_1724876936187/work
array-api-compat @ file:///home/conda/feedstock_root/build_artifacts/bld/rattler-build_array-api-compat_1772121558/work
attrs @ file:///home/conda/feedstock_root/build_artifacts/bld/rattler-build_attrs_1773935801/work
backports.zstd @ file:///home/conda/feedstock_root/build_artifacts/bld/rattler-build_backports.zstd_1778594052/work
beautifulsoup4 @ file:///home/conda/feedstock_root/build_artifacts/beautifulsoup4_1764520477956/work
biopython @ file:///home/conda/feedstock_root/build_artifacts/biopython_1774882026985/work
bleach @ file:///home/conda/feedstock_root/build_artifacts/bld/rattler-build_bleach_1763589981/work
Brotli @ file:///home/conda/feedstock_root/build_artifacts/brotli-split_1764016952863/work
cached-property @ file:///home/conda/feedstock_root/build_artifacts/cached_property_1615209429212/work
certifi @ file:///home/conda/feedstock_root/build_artifacts/certifi_1779285033994/work/certifi
charset-normalizer @ file:///home/conda/feedstock_root/build_artifacts/charset-normalizer_1775127091311/work
click @ file:///home/conda/feedstock_root/build_artifacts/bld/rattler-build_click_1779900548/work
contourpy @ file:///home/conda/feedstock_root/build_artifacts/bld/rattler-build_contourpy_1769155975/work
cycler @ file:///home/conda/feedstock_root/build_artifacts/bld/rattler-build_cycler_1764466758/work
defusedxml @ file:///home/conda/feedstock_root/build_artifacts/defusedxml_1615232257335/work
exceptiongroup @ file:///home/conda/feedstock_root/build_artifacts/exceptiongroup_1763918002538/work
fastjsonschema @ file:///home/conda/feedstock_root/build_artifacts/bld/rattler-build_python-fastjsonschema_1755304154/work/dist
fonttools @ file:///home/conda/feedstock_root/build_artifacts/fonttools_1778770237442/work
h2 @ file:///home/conda/feedstock_root/build_artifacts/bld/rattler-build_h2_1756364871/work
h5py @ file:///home/conda/feedstock_root/build_artifacts/h5py_1739952246704/work
hpack @ file:///home/conda/feedstock_root/build_artifacts/hpack_1737618293087/work
hyperframe @ file:///home/conda/feedstock_root/build_artifacts/hyperframe_1737618333194/work
idna @ file:///home/conda/feedstock_root/build_artifacts/bld/rattler-build_idna_1779999227/work
importlib_metadata @ file:///home/conda/feedstock_root/build_artifacts/bld/rattler-build_importlib-metadata_1779714582/work
Jinja2 @ file:///home/conda/feedstock_root/build_artifacts/bld/rattler-build_jinja2_1764517220/work
joblib @ file:///home/conda/feedstock_root/build_artifacts/joblib_1765794027227/work
jsonschema @ file:///home/conda/feedstock_root/build_artifacts/bld/rattler-build_jsonschema_1767839954/work
jsonschema-specifications @ file:///tmp/tmptzik3dqa/src
jupyter_client @ file:///home/conda/feedstock_root/build_artifacts/bld/rattler-build_jupyter_client_1780678109/work
jupyter_core @ file:///home/conda/feedstock_root/build_artifacts/bld/rattler-build_jupyter_core_1760643864/work
jupyterlab_pygments @ file:///home/conda/feedstock_root/build_artifacts/jupyterlab_pygments_1733328101776/work
kb_python @ file:///opt/conda/conda-bld/kb-python_1779175264062/work
kiwisolver @ file:///home/conda/feedstock_root/build_artifacts/bld/rattler-build_kiwisolver_1773067041/work
legacy-api-wrap @ file:///home/conda/feedstock_root/build_artifacts/legacy-api-wrap_1762187530570/work
llvmlite==0.47.0
loompy @ file:///home/conda/feedstock_root/build_artifacts/loompy_1756390823786/work
MarkupSafe @ file:///home/conda/feedstock_root/build_artifacts/markupsafe_1772444934960/work
matplotlib==3.10.9
mistune @ file:///home/conda/feedstock_root/build_artifacts/bld/rattler-build_mistune_1777824616/work
munkres==1.1.4
narwhals @ file:///home/conda/feedstock_root/build_artifacts/bld/rattler-build_narwhals_1780672242/work
natsort @ file:///home/conda/feedstock_root/build_artifacts/bld/rattler-build_natsort_1770905275/work
nbclient @ file:///home/conda/feedstock_root/build_artifacts/nbclient_1780660955275/work
nbconvert @ file:///home/conda/feedstock_root/build_artifacts/bld/rattler-build_nbconvert-core_1775615493/work
nbformat @ file:///home/conda/feedstock_root/build_artifacts/nbformat_1733402752141/work
networkx @ file:///home/conda/feedstock_root/build_artifacts/bld/rattler-build_networkx_1765215107/work
ngs-tools @ file:///opt/conda/conda-bld/ngs-tools_1728383269941/work
numba @ file:///home/conda/feedstock_root/build_artifacts/numba_1778390351350/work
numpy @ file:///home/conda/feedstock_root/build_artifacts/numpy_1707225376651/work/dist/numpy-1.26.4-cp311-cp311-linux_x86_64.whl#sha256=d08e1c9e5833ae7780563812aa73e2497db1ee3bd5510d3becb8aa18aa2d0c7c
numpy-groupies @ file:///home/conda/feedstock_root/build_artifacts/numpy_groupies_1747937383323/work
packaging @ file:///home/conda/feedstock_root/build_artifacts/bld/rattler-build_packaging_1777103621/work
pandas @ file:///home/conda/feedstock_root/build_artifacts/pandas_1764614468005/work
pandocfilters @ file:///home/conda/feedstock_root/build_artifacts/pandocfilters_1631603243851/work
patsy @ file:///home/conda/feedstock_root/build_artifacts/bld/rattler-build_patsy_1760998269/work
pillow @ file:///home/conda/feedstock_root/build_artifacts/bld/rattler-build_pillow_1775060059/work
platformdirs @ file:///home/conda/feedstock_root/build_artifacts/bld/rattler-build_platformdirs_1779972894/work
plotly @ file:///home/conda/feedstock_root/build_artifacts/plotly_1780554762149/work
Pygments @ file:///home/conda/feedstock_root/build_artifacts/pygments_1774796700044/work
pynndescent @ file:///home/conda/feedstock_root/build_artifacts/pynndescent_1734193530377/work
pyparsing @ file:///home/conda/feedstock_root/build_artifacts/bld/rattler-build_pyparsing_1769003998/work
pysam==0.24.0
pyseq-align @ file:///opt/conda/conda-bld/pyseq-align_1733804186041/work
PySocks @ file:///home/conda/feedstock_root/build_artifacts/pysocks_1733217236728/work
python-dateutil @ file:///home/conda/feedstock_root/build_artifacts/bld/rattler-build_python-dateutil_1751104122/work
pytz @ file:///home/conda/feedstock_root/build_artifacts/bld/rattler-build_pytz_1777892201/work
pyzmq @ file:///home/conda/feedstock_root/build_artifacts/bld/rattler-build_pyzmq_1779483879/work
referencing @ file:///home/conda/feedstock_root/build_artifacts/bld/rattler-build_referencing_1760379115/work
requests @ file:///home/conda/feedstock_root/build_artifacts/bld/rattler-build_requests_1778851103/work
rpds-py @ file:///home/conda/feedstock_root/build_artifacts/bld/rattler-build_rpds-py_1779976991/work
scanpy @ file:///home/conda/feedstock_root/build_artifacts/scanpy_1761040974135/work
scikit-learn @ file:///home/conda/feedstock_root/build_artifacts/bld/rattler-build_scikit-learn_1780401051/work/dist/scikit_learn-1.9.0-cp311-cp311-linux_x86_64.whl#sha256=e32c932eca94aac3d4ee91ed26d659a9296101fecbfc3e48d2db96503f7a5baf
scipy @ file:///home/conda/feedstock_root/build_artifacts/scipy-split_1733620549877/work/dist/scipy-1.14.1-cp311-cp311-linux_x86_64.whl#sha256=9cf7bd1914414126f9769147b538822d0a1071c56563b867828a3c44ecca0702
seaborn @ file:///home/conda/feedstock_root/build_artifacts/seaborn-split_1733730015268/work
session-info2 @ file:///home/conda/feedstock_root/build_artifacts/session-info2_1775678237394/work
shortuuid @ file:///home/conda/feedstock_root/build_artifacts/shortuuid_1734272317000/work
six @ file:///home/conda/feedstock_root/build_artifacts/bld/rattler-build_six_1753199211/work
soupsieve @ file:///home/conda/feedstock_root/build_artifacts/soupsieve_1779635457288/work
statsmodels @ file:///home/conda/feedstock_root/build_artifacts/statsmodels_1764982999281/work
threadpoolctl @ file:///home/conda/feedstock_root/build_artifacts/threadpoolctl_1741878222898/work
tinycss2 @ file:///home/conda/feedstock_root/build_artifacts/bld/rattler-build_tinycss2_1764621508/work
tornado @ file:///home/conda/feedstock_root/build_artifacts/tornado_1779915843841/work
tqdm @ file:///home/conda/feedstock_root/build_artifacts/bld/rattler-build_tqdm_1780692470/work
traitlets @ file:///home/conda/feedstock_root/build_artifacts/bld/rattler-build_traitlets_1780507822/work
typing_extensions @ file:///home/conda/feedstock_root/build_artifacts/bld/rattler-build_typing_extensions_1756220668/work
tzdata @ file:///home/conda/feedstock_root/build_artifacts/python-tzdata_1777068919240/work
umap-learn @ file:///home/conda/feedstock_root/build_artifacts/umap-learn_1775693595503/work
unicodedata2 @ file:///home/conda/feedstock_root/build_artifacts/unicodedata2_1770908962415/work
urllib3 @ file:///home/conda/feedstock_root/build_artifacts/urllib3_1778188571305/work
webencodings @ file:///home/conda/feedstock_root/build_artifacts/webencodings_1733236011802/work
zipp @ file:///home/conda/feedstock_root/build_artifacts/bld/rattler-build_zipp_1779159948/work
